
Microsoft Visual Studio Solution File, Format Version 12.00
# Visual Studio Version 17
VisualStudioVersion = 17.11.35303.130
MinimumVisualStudioVersion = 10.0.40219.1
Project("{FAE04EC0-301F-11D3-BF4B-00C04F79EFBC}") = "CG_coursework", "CG_coursework.csproj", "{A8D67AB3-925E-42F5-8FF8-FC35B69170AB}"
EndProject
Global
	GlobalSection(SolutionConfigurationPlatforms) = preSolution
		Debug|Any CPU = Debug|Any CPU
		Debug|ARM64 = Debug|ARM64
		Release|Any CPU = Release|Any CPU
		Release|ARM64 = Release|ARM64
	EndGlobalSection
	GlobalSection(ProjectConfigurationPlatforms) = postSolution
		{A8D67AB3-925E-42F5-8FF8-FC35B69170AB}.Debug|Any CPU.ActiveCfg = Debug|Any CPU
		{A8D67AB3-925E-42F5-8FF8-FC35B69170AB}.Debug|Any CPU.Build.0 = Debug|Any CPU
		{A8D67AB3-925E-42F5-8FF8-FC35B69170AB}.Debug|ARM64.ActiveCfg = Debug|ARM64
		{A8D67AB3-925E-42F5-8FF8-FC35B69170AB}.Debug|ARM64.Build.0 = Debug|ARM64
		{A8D67AB3-925E-42F5-8FF8-FC35B69170AB}.Release|Any CPU.ActiveCfg = Release|Any CPU
		{A8D67AB3-925E-42F5-8FF8-FC35B69170AB}.Release|Any CPU.Build.0 = Release|Any CPU
		{A8D67AB3-925E-42F5-8FF8-FC35B69170AB}.Release|ARM64.ActiveCfg = Release|Any CPU
		{A8D67AB3-925E-42F5-8FF8-FC35B69170AB}.Release|ARM64.Build.0 = Release|Any CPU
	EndGlobalSection
	GlobalSection(SolutionProperties) = preSolution
		HideSolutionNode = FALSE
	EndGlobalSection
	GlobalSection(ExtensibilityGlobals) = postSolution
		SolutionGuid = {BAE326F6-9C10-4FCF-9272-C139A6B84566}
	EndGlobalSection
EndGlobal
